
Microsoft Visual Studio Solution File, Format Version 12.00
# Visual Studio Version 16
VisualStudioVersion = 16.0.30523.141
MinimumVisualStudioVersion = 10.0.40219.1
Project("{FAE04EC0-301F-11D3-BF4B-00C04F79EFBC}") = "ThoseWhoPrintFight", "ThoseWhoPrintFight\ThoseWhoPrintFight.csproj", "{75D0FE7C-3789-47A4-9AF2-B50C15A992E9}"
EndProject
Project("{FAE04EC0-301F-11D3-BF4B-00C04F79EFBC}") = "UserInterface", "UserInterface\UserInterface.csproj", "{A9B1171C-6870-468B-A3B9-32AD28A0BE98}"
EndProject
Global
	GlobalSection(SolutionConfigurationPlatforms) = preSolution
		Debug|Any CPU = Debug|Any CPU
		Release|Any CPU = Release|Any CPU
	EndGlobalSection
	GlobalSection(ProjectConfigurationPlatforms) = postSolution
		{75D0FE7C-3789-47A4-9AF2-B50C15A992E9}.Debug|Any CPU.ActiveCfg = Debug|Any CPU
		{75D0FE7C-3789-47A4-9AF2-B50C15A992E9}.Debug|Any CPU.Build.0 = Debug|Any CPU
		{75D0FE7C-3789-47A4-9AF2-B50C15A992E9}.Release|Any CPU.ActiveCfg = Release|Any CPU
		{75D0FE7C-3789-47A4-9AF2-B50C15A992E9}.Release|Any CPU.Build.0 = Release|Any CPU
		{A9B1171C-6870-468B-A3B9-32AD28A0BE98}.Debug|Any CPU.ActiveCfg = Debug|Any CPU
		{A9B1171C-6870-468B-A3B9-32AD28A0BE98}.Debug|Any CPU.Build.0 = Debug|Any CPU
		{A9B1171C-6870-468B-A3B9-32AD28A0BE98}.Release|Any CPU.ActiveCfg = Release|Any CPU
		{A9B1171C-6870-468B-A3B9-32AD28A0BE98}.Release|Any CPU.Build.0 = Release|Any CPU
	EndGlobalSection
	GlobalSection(SolutionProperties) = preSolution
		HideSolutionNode = FALSE
	EndGlobalSection
	GlobalSection(ExtensibilityGlobals) = postSolution
		SolutionGuid = {5D781FDF-04B0-458E-9081-CAABE0A6C990}
	EndGlobalSection
EndGlobal
